// !$*UTF8*$!
{
	archiveVersion = 1;
	classes = {
	};
	objectVersion = 56;
	objects = {

/* Begin PBXBuildFile section */
		6A1AD6092B8D3F7F00EE8E6F /* dailyrecommandview.swift in Sources */ = {isa = PBXBuildFile; fileRef = 6A1AD6082B8D3F7F00EE8E6F /* dailyrecommandview.swift */; };
		6A1AD60B2B8D456500EE8E6F /* musicData.swift in Sources */ = {isa = PBXBuildFile; fileRef = 6A1AD60A2B8D456500EE8E6F /* musicData.swift */; };
		6A1C33482B8D285500F7575F /* PlaylistView.swift in Sources */ = {isa = PBXBuildFile; fileRef = 6A1C33472B8D285500F7575F /* PlaylistView.swift */; };
		6A8FF4452B8E810600EA2606 /* TrackView.swift in Sources */ = {isa = PBXBuildFile; fileRef = 6A8FF4442B8E810600EA2606 /* TrackView.swift */; };
		6AB8084E2B89C009008CE9D8 /* finalApp.swift in Sources */ = {isa = PBXBuildFile; fileRef = 6AB8084D2B89C009008CE9D8 /* finalApp.swift */; };
		6AB808502B89C009008CE9D8 /* ContentView.swift in Sources */ = {isa = PBXBuildFile; fileRef = 6AB8084F2B89C009008CE9D8 /* ContentView.swift */; };
		6AB808522B89C00A008CE9D8 /* Assets.xcassets in Resources */ = {isa = PBXBuildFile; fileRef = 6AB808512B89C00A008CE9D8 /* Assets.xcassets */; };
		6AB808552B89C00A008CE9D8 /* Preview Assets.xcassets in Resources */ = {isa = PBXBuildFile; fileRef = 6AB808542B89C00A008CE9D8 /* Preview Assets.xcassets */; };
		6AB808792B89C398008CE9D8 /* musicListView.swift in Sources */ = {isa = PBXBuildFile; fileRef = 6AB808782B89C398008CE9D8 /* musicListView.swift */; };
		CD07FDF72B8D901D008BC75E /* DetailView.swift in Sources */ = {isa = PBXBuildFile; fileRef = CD07FDF62B8D901D008BC75E /* DetailView.swift */; };
		CDD931572B8EF93D00E98E99 /* DeleteView.swift in Sources */ = {isa = PBXBuildFile; fileRef = CDD931562B8EF93D00E98E99 /* DeleteView.swift */; };
		CDF1D2442B902F8D004BD093 /* State.swift in Sources */ = {isa = PBXBuildFile; fileRef = CDF1D2432B902F8D004BD093 /* State.swift */; };
/* End PBXBuildFile section */

/* Begin PBXContainerItemProxy section */
		6AB8085B2B89C00A008CE9D8 /* PBXContainerItemProxy */ = {
			isa = PBXContainerItemProxy;
			containerPortal = 6AB808422B89C009008CE9D8 /* Project object */;
			proxyType = 1;
			remoteGlobalIDString = 6AB808492B89C009008CE9D8;
			remoteInfo = final;
		};
		6AB808652B89C00A008CE9D8 /* PBXContainerItemProxy */ = {
			isa = PBXContainerItemProxy;
			containerPortal = 6AB808422B89C009008CE9D8 /* Project object */;
			proxyType = 1;
			remoteGlobalIDString = 6AB808492B89C009008CE9D8;
			remoteInfo = final;
		};
/* End PBXContainerItemProxy section */

/* Begin PBXFileReference section */
		6A1AD6082B8D3F7F00EE8E6F /* dailyrecommandview.swift */ = {isa = PBXFileReference; lastKnownFileType = sourcecode.swift; path = dailyrecommandview.swift; sourceTree = "<group>"; };
		6A1AD60A2B8D456500EE8E6F /* musicData.swift */ = {isa = PBXFileReference; lastKnownFileType = sourcecode.swift; path = musicData.swift; sourceTree = "<group>"; };
		6A1C33472B8D285500F7575F /* PlaylistView.swift */ = {isa = PBXFileReference; lastKnownFileType = sourcecode.swift; path = PlaylistView.swift; sourceTree = "<group>"; };
		6A8FF4442B8E810600EA2606 /* TrackView.swift */ = {isa = PBXFileReference; lastKnownFileType = sourcecode.swift; path = TrackView.swift; sourceTree = "<group>"; };
		6AB79A802B8D629D00C11BEB /* final.entitlements */ = {isa = PBXFileReference; lastKnownFileType = text.plist.entitlements; path = final.entitlements; sourceTree = "<group>"; };
		6AB8084A2B89C009008CE9D8 /* final.app */ = {isa = PBXFileReference; explicitFileType = wrapper.application; includeInIndex = 0; path = final.app; sourceTree = BUILT_PRODUCTS_DIR; };
		6AB8084D2B89C009008CE9D8 /* finalApp.swift */ = {isa = PBXFileReference; lastKnownFileType = sourcecode.swift; path = finalApp.swift; sourceTree = "<group>"; };
		6AB8084F2B89C009008CE9D8 /* ContentView.swift */ = {isa = PBXFileReference; lastKnownFileType = sourcecode.swift; path = ContentView.swift; sourceTree = "<group>"; };
		6AB808512B89C00A008CE9D8 /* Assets.xcassets */ = {isa = PBXFileReference; lastKnownFileType = folder.assetcatalog; path = Assets.xcassets; sourceTree = "<group>"; };
		6AB808542B89C00A008CE9D8 /* Preview Assets.xcassets */ = {isa = PBXFileReference; lastKnownFileType = folder.assetcatalog; path = "Preview Assets.xcassets"; sourceTree = "<group>"; };
		6AB8085A2B89C00A008CE9D8 /* finalTests.xctest */ = {isa = PBXFileReference; explicitFileType = wrapper.cfbundle; includeInIndex = 0; path = finalTests.xctest; sourceTree = BUILT_PRODUCTS_DIR; };
		6AB808642B89C00A008CE9D8 /* finalUITests.xctest */ = {isa = PBXFileReference; explicitFileType = wrapper.cfbundle; includeInIndex = 0; path = finalUITests.xctest; sourceTree = BUILT_PRODUCTS_DIR; };
		6AB808772B89C0F3008CE9D8 /* Info.plist */ = {isa = PBXFileReference; lastKnownFileType = text.plist; path = Info.plist; sourceTree = "<group>"; };
		6AB808782B89C398008CE9D8 /* musicListView.swift */ = {isa = PBXFileReference; lastKnownFileType = sourcecode.swift; path = musicListView.swift; sourceTree = "<group>"; };
		CD07FDF62B8D901D008BC75E /* DetailView.swift */ = {isa = PBXFileReference; lastKnownFileType = sourcecode.swift; path = DetailView.swift; sourceTree = "<group>"; };
		CDD931562B8EF93D00E98E99 /* DeleteView.swift */ = {isa = PBXFileReference; lastKnownFileType = sourcecode.swift; path = DeleteView.swift; sourceTree = "<group>"; };
		CDF1D2432B902F8D004BD093 /* State.swift */ = {isa = PBXFileReference; lastKnownFileType = sourcecode.swift; path = State.swift; sourceTree = "<group>"; };
/* End PBXFileReference section */

/* Begin PBXFrameworksBuildPhase section */
		6AB808472B89C009008CE9D8 /* Frameworks */ = {
			isa = PBXFrameworksBuildPhase;
			buildActionMask = 2147483647;
			files = (
			);
			runOnlyForDeploymentPostprocessing = 0;
		};
		6AB808572B89C00A008CE9D8 /* Frameworks */ = {
			isa = PBXFrameworksBuildPhase;
			buildActionMask = 2147483647;
			files = (
			);
			runOnlyForDeploymentPostprocessing = 0;
		};
		6AB808612B89C00A008CE9D8 /* Frameworks */ = {
			isa = PBXFrameworksBuildPhase;
			buildActionMask = 2147483647;
			files = (
			);
			runOnlyForDeploymentPostprocessing = 0;
		};
/* End PBXFrameworksBuildPhase section */

/* Begin PBXGroup section */
		6AB808412B89C009008CE9D8 = {
			isa = PBXGroup;
			children = (
				6AB8084C2B89C009008CE9D8 /* final */,
				6AB8084B2B89C009008CE9D8 /* Products */,
			);
			sourceTree = "<group>";
		};
		6AB8084B2B89C009008CE9D8 /* Products */ = {
			isa = PBXGroup;
			children = (
				6AB8084A2B89C009008CE9D8 /* final.app */,
				6AB8085A2B89C00A008CE9D8 /* finalTests.xctest */,
				6AB808642B89C00A008CE9D8 /* finalUITests.xctest */,
			);
			name = Products;
			sourceTree = "<group>";
		};
		6AB8084C2B89C009008CE9D8 /* final */ = {
			isa = PBXGroup;
			children = (
				6AB79A802B8D629D00C11BEB /* final.entitlements */,
				6AB808772B89C0F3008CE9D8 /* Info.plist */,
				CD07FDF52B8D8FA5008BC75E /* View */,
				6AB8084F2B89C009008CE9D8 /* ContentView.swift */,
				6A1AD60A2B8D456500EE8E6F /* musicData.swift */,
				CDF1D2432B902F8D004BD093 /* State.swift */,
				6AB8084D2B89C009008CE9D8 /* finalApp.swift */,
				6AB808512B89C00A008CE9D8 /* Assets.xcassets */,
				6AB808532B89C00A008CE9D8 /* Preview Content */,
			);
			path = final;
			sourceTree = "<group>";
		};
		6AB808532B89C00A008CE9D8 /* Preview Content */ = {
			isa = PBXGroup;
			children = (
				6AB808542B89C00A008CE9D8 /* Preview Assets.xcassets */,
			);
			path = "Preview Content";
			sourceTree = "<group>";
		};
		CD07FDF52B8D8FA5008BC75E /* View */ = {
			isa = PBXGroup;
			children = (
				6A1AD6082B8D3F7F00EE8E6F /* dailyrecommandview.swift */,
				6AB808782B89C398008CE9D8 /* musicListView.swift */,
				6A1C33472B8D285500F7575F /* PlaylistView.swift */,
				CD07FDF62B8D901D008BC75E /* DetailView.swift */,
				6A8FF4442B8E810600EA2606 /* TrackView.swift */,
				CDD931562B8EF93D00E98E99 /* DeleteView.swift */,
			);
			path = View;
			sourceTree = "<group>";
		};
/* End PBXGroup section */

/* Begin PBXNativeTarget section */
		6AB808492B89C009008CE9D8 /* final */ = {
			isa = PBXNativeTarget;
			buildConfigurationList = 6AB8086E2B89C00A008CE9D8 /* Build configuration list for PBXNativeTarget "final" */;
			buildPhases = (
				6AB808462B89C009008CE9D8 /* Sources */,
				6AB808472B89C009008CE9D8 /* Frameworks */,
				6AB808482B89C009008CE9D8 /* Resources */,
			);
			buildRules = (
			);
			dependencies = (
			);
			name = final;
			productName = final;
			productReference = 6AB8084A2B89C009008CE9D8 /* final.app */;
			productType = "com.apple.product-type.application";
		};
		6AB808592B89C00A008CE9D8 /* finalTests */ = {
			isa = PBXNativeTarget;
			buildConfigurationList = 6AB808712B89C00A008CE9D8 /* Build configuration list for PBXNativeTarget "finalTests" */;
			buildPhases = (
				6AB808562B89C00A008CE9D8 /* Sources */,
				6AB808572B89C00A008CE9D8 /* Frameworks */,
				6AB808582B89C00A008CE9D8 /* Resources */,
			);
			buildRules = (
			);
			dependencies = (
				6AB8085C2B89C00A008CE9D8 /* PBXTargetDependency */,
			);
			name = finalTests;
			productName = finalTests;
			productReference = 6AB8085A2B89C00A008CE9D8 /* finalTests.xctest */;
			productType = "com.apple.product-type.bundle.unit-test";
		};
		6AB808632B89C00A008CE9D8 /* finalUITests */ = {
			isa = PBXNativeTarget;
			buildConfigurationList = 6AB808742B89C00A008CE9D8 /* Build configuration list for PBXNativeTarget "finalUITests" */;
			buildPhases = (
				6AB808602B89C00A008CE9D8 /* Sources */,
				6AB808612B89C00A008CE9D8 /* Frameworks */,
				6AB808622B89C00A008CE9D8 /* Resources */,
			);
			buildRules = (
			);
			dependencies = (
				6AB808662B89C00A008CE9D8 /* PBXTargetDependency */,
			);
			name = finalUITests;
			productName = finalUITests;
			productReference = 6AB808642B89C00A008CE9D8 /* finalUITests.xctest */;
			productType = "com.apple.product-type.bundle.ui-testing";
		};
/* End PBXNativeTarget section */

/* Begin PBXProject section */
		6AB808422B89C009008CE9D8 /* Project object */ = {
			isa = PBXProject;
			attributes = {
				BuildIndependentTargetsInParallel = 1;
				LastSwiftUpdateCheck = 1520;
				LastUpgradeCheck = 1520;
				TargetAttributes = {
					6AB808492B89C009008CE9D8 = {
						CreatedOnToolsVersion = 15.2;
					};
					6AB808592B89C00A008CE9D8 = {
						CreatedOnToolsVersion = 15.2;
						TestTargetID = 6AB808492B89C009008CE9D8;
					};
					6AB808632B89C00A008CE9D8 = {
						CreatedOnToolsVersion = 15.2;
						TestTargetID = 6AB808492B89C009008CE9D8;
					};
				};
			};
			buildConfigurationList = 6AB808452B89C009008CE9D8 /* Build configuration list for PBXProject "final" */;
			compatibilityVersion = "Xcode 14.0";
			developmentRegion = en;
			hasScannedForEncodings = 0;
			knownRegions = (
				en,
				Base,
			);
			mainGroup = 6AB808412B89C009008CE9D8;
			productRefGroup = 6AB8084B2B89C009008CE9D8 /* Products */;
			projectDirPath = "";
			projectRoot = "";
			targets = (
				6AB808492B89C009008CE9D8 /* final */,
				6AB808592B89C00A008CE9D8 /* finalTests */,
				6AB808632B89C00A008CE9D8 /* finalUITests */,
			);
		};
/* End PBXProject section */

/* Begin PBXResourcesBuildPhase section */
		6AB808482B89C009008CE9D8 /* Resources */ = {
			isa = PBXResourcesBuildPhase;
			buildActionMask = 2147483647;
			files = (
				6AB808552B89C00A008CE9D8 /* Preview Assets.xcassets in Resources */,
				6AB808522B89C00A008CE9D8 /* Assets.xcassets in Resources */,
			);
			runOnlyForDeploymentPostprocessing = 0;
		};
		6AB808582B89C00A008CE9D8 /* Resources */ = {
			isa = PBXResourcesBuildPhase;
			buildActionMask = 2147483647;
			files = (
			);
			runOnlyForDeploymentPostprocessing = 0;
		};
		6AB808622B89C00A008CE9D8 /* Resources */ = {
			isa = PBXResourcesBuildPhase;
			buildActionMask = 2147483647;
			files = (
			);
			runOnlyForDeploymentPostprocessing = 0;
		};
/* End PBXResourcesBuildPhase section */

/* Begin PBXSourcesBuildPhase section */
		6AB808462B89C009008CE9D8 /* Sources */ = {
			isa = PBXSourcesBuildPhase;
			buildActionMask = 2147483647;
			files = (
				CDD931572B8EF93D00E98E99 /* DeleteView.swift in Sources */,
				6AB808502B89C009008CE9D8 /* ContentView.swift in Sources */,
				6AB808792B89C398008CE9D8 /* musicListView.swift in Sources */,
				CDF1D2442B902F8D004BD093 /* State.swift in Sources */,
				6A8FF4452B8E810600EA2606 /* TrackView.swift in Sources */,
				6A1C33482B8D285500F7575F /* PlaylistView.swift in Sources */,
				CD07FDF72B8D901D008BC75E /* DetailView.swift in Sources */,
				6A1AD60B2B8D456500EE8E6F /* musicData.swift in Sources */,
				6A1AD6092B8D3F7F00EE8E6F /* dailyrecommandview.swift in Sources */,
				6AB8084E2B89C009008CE9D8 /* finalApp.swift in Sources */,
			);
			runOnlyForDeploymentPostprocessing = 0;
		};
		6AB808562B89C00A008CE9D8 /* Sources */ = {
			isa = PBXSourcesBuildPhase;
			buildActionMask = 2147483647;
			files = (
			);
			runOnlyForDeploymentPostprocessing = 0;
		};
		6AB808602B89C00A008CE9D8 /* Sources */ = {
			isa = PBXSourcesBuildPhase;
			buildActionMask = 2147483647;
			files = (
			);
			runOnlyForDeploymentPostprocessing = 0;
		};
/* End PBXSourcesBuildPhase section */

/* Begin PBXTargetDependency section */
		6AB8085C2B89C00A008CE9D8 /* PBXTargetDependency */ = {
			isa = PBXTargetDependency;
			target = 6AB808492B89C009008CE9D8 /* final */;
			targetProxy = 6AB8085B2B89C00A008CE9D8 /* PBXContainerItemProxy */;
		};
		6AB808662B89C00A008CE9D8 /* PBXTargetDependency */ = {
			isa = PBXTargetDependency;
			target = 6AB808492B89C009008CE9D8 /* final */;
			targetProxy = 6AB808652B89C00A008CE9D8 /* PBXContainerItemProxy */;
		};
/* End PBXTargetDependency section */

/* Begin XCBuildConfiguration section */
		6AB8086C2B89C00A008CE9D8 /* Debug */ = {
			isa = XCBuildConfiguration;
			buildSettings = {
				ALWAYS_SEARCH_USER_PATHS = NO;
				ASSETCATALOG_COMPILER_GENERATE_SWIFT_ASSET_SYMBOL_EXTENSIONS = YES;
				CLANG_ANALYZER_NONNULL = YES;
				CLANG_ANALYZER_NUMBER_OBJECT_CONVERSION = YES_AGGRESSIVE;
				CLANG_CXX_LANGUAGE_STANDARD = "gnu++20";
				CLANG_ENABLE_MODULES = YES;
				CLANG_ENABLE_OBJC_ARC = YES;
				CLANG_ENABLE_OBJC_WEAK = YES;
				CLANG_WARN_BLOCK_CAPTURE_AUTORELEASING = YES;
				CLANG_WARN_BOOL_CONVERSION = YES;
				CLANG_WARN_COMMA = YES;
				CLANG_WARN_CONSTANT_CONVERSION = YES;
				CLANG_WARN_DEPRECATED_OBJC_IMPLEMENTATIONS = YES;
				CLANG_WARN_DIRECT_OBJC_ISA_USAGE = YES_ERROR;
				CLANG_WARN_DOCUMENTATION_COMMENTS = YES;
				CLANG_WARN_EMPTY_BODY = YES;
				CLANG_WARN_ENUM_CONVERSION = YES;
				CLANG_WARN_INFINITE_RECURSION = YES;
				CLANG_WARN_INT_CONVERSION = YES;
				CLANG_WARN_NON_LITERAL_NULL_CONVERSION = YES;
				CLANG_WARN_OBJC_IMPLICIT_RETAIN_SELF = YES;
				CLANG_WARN_OBJC_LITERAL_CONVERSION = YES;
				CLANG_WARN_OBJC_ROOT_CLASS = YES_ERROR;
				CLANG_WARN_QUOTED_INCLUDE_IN_FRAMEWORK_HEADER = YES;
				CLANG_WARN_RANGE_LOOP_ANALYSIS = YES;
				CLANG_WARN_STRICT_PROTOTYPES = YES;
				CLANG_WARN_SUSPICIOUS_MOVE = YES;
				CLANG_WARN_UNGUARDED_AVAILABILITY = YES_AGGRESSIVE;
				CLANG_WARN_UNREACHABLE_CODE = YES;
				CLANG_WARN__DUPLICATE_METHOD_MATCH = YES;
				COPY_PHASE_STRIP = NO;
				DEBUG_INFORMATION_FORMAT = dwarf;
				ENABLE_STRICT_OBJC_MSGSEND = YES;
				ENABLE_TESTABILITY = YES;
				ENABLE_USER_SCRIPT_SANDBOXING = YES;
				GCC_C_LANGUAGE_STANDARD = gnu17;
				GCC_DYNAMIC_NO_PIC = NO;
				GCC_NO_COMMON_BLOCKS = YES;
				GCC_OPTIMIZATION_LEVEL = 0;
				GCC_PREPROCESSOR_DEFINITIONS = (
					"DEBUG=1",
					"$(inherited)",
				);
				GCC_WARN_64_TO_32_BIT_CONVERSION = YES;
				GCC_WARN_ABOUT_RETURN_TYPE = YES_ERROR;
				GCC_WARN_UNDECLARED_SELECTOR = YES;
				GCC_WARN_UNINITIALIZED_AUTOS = YES_AGGRESSIVE;
				GCC_WARN_UNUSED_FUNCTION = YES;
				GCC_WARN_UNUSED_VARIABLE = YES;
				IPHONEOS_DEPLOYMENT_TARGET = 17.2;
				LOCALIZATION_PREFERS_STRING_CATALOGS = YES;
				MTL_ENABLE_DEBUG_INFO = INCLUDE_SOURCE;
				MTL_FAST_MATH = YES;
				ONLY_ACTIVE_ARCH = YES;
				SDKROOT = iphoneos;
				SWIFT_ACTIVE_COMPILATION_CONDITIONS = "DEBUG $(inherited)";
				SWIFT_OPTIMIZATION_LEVEL = "-Onone";
			};
			name = Debug;
		};
		6AB8086D2B89C00A008CE9D8 /* Release */ = {
			isa = XCBuildConfiguration;
			buildSettings = {
				ALWAYS_SEARCH_USER_PATHS = NO;
				ASSETCATALOG_COMPILER_GENERATE_SWIFT_ASSET_SYMBOL_EXTENSIONS = YES;
				CLANG_ANALYZER_NONNULL = YES;
				CLANG_ANALYZER_NUMBER_OBJECT_CONVERSION = YES_AGGRESSIVE;
				CLANG_CXX_LANGUAGE_STANDARD = "gnu++20";
				CLANG_ENABLE_MODULES = YES;
				CLANG_ENABLE_OBJC_ARC = YES;
				CLANG_ENABLE_OBJC_WEAK = YES;
				CLANG_WARN_BLOCK_CAPTURE_AUTORELEASING = YES;
				CLANG_WARN_BOOL_CONVERSION = YES;
				CLANG_WARN_COMMA = YES;
				CLANG_WARN_CONSTANT_CONVERSION = YES;
				CLANG_WARN_DEPRECATED_OBJC_IMPLEMENTATIONS = YES;
				CLANG_WARN_DIRECT_OBJC_ISA_USAGE = YES_ERROR;
				CLANG_WARN_DOCUMENTATION_COMMENTS = YES;
				CLANG_WARN_EMPTY_BODY = YES;
				CLANG_WARN_ENUM_CONVERSION = YES;
				CLANG_WARN_INFINITE_RECURSION = YES;
				CLANG_WARN_INT_CONVERSION = YES;
				CLANG_WARN_NON_LITERAL_NULL_CONVERSION = YES;
				CLANG_WARN_OBJC_IMPLICIT_RETAIN_SELF = YES;
				CLANG_WARN_OBJC_LITERAL_CONVERSION = YES;
				CLANG_WARN_OBJC_ROOT_CLASS = YES_ERROR;
				CLANG_WARN_QUOTED_INCLUDE_IN_FRAMEWORK_HEADER = YES;
				CLANG_WARN_RANGE_LOOP_ANALYSIS = YES;
				CLANG_WARN_STRICT_PROTOTYPES = YES;
				CLANG_WARN_SUSPICIOUS_MOVE = YES;
				CLANG_WARN_UNGUARDED_AVAILABILITY = YES_AGGRESSIVE;
				CLANG_WARN_UNREACHABLE_CODE = YES;
				CLANG_WARN__DUPLICATE_METHOD_MATCH = YES;
				COPY_PHASE_STRIP = NO;
				DEBUG_INFORMATION_FORMAT = "dwarf-with-dsym";
				ENABLE_NS_ASSERTIONS = NO;
				ENABLE_STRICT_OBJC_MSGSEND = YES;
				ENABLE_USER_SCRIPT_SANDBOXING = YES;
				GCC_C_LANGUAGE_STANDARD = gnu17;
				GCC_NO_COMMON_BLOCKS = YES;
				GCC_WARN_64_TO_32_BIT_CONVERSION = YES;
				GCC_WARN_ABOUT_RETURN_TYPE = YES_ERROR;
				GCC_WARN_UNDECLARED_SELECTOR = YES;
				GCC_WARN_UNINITIALIZED_AUTOS = YES_AGGRESSIVE;
				GCC_WARN_UNUSED_FUNCTION = YES;
				GCC_WARN_UNUSED_VARIABLE = YES;
				IPHONEOS_DEPLOYMENT_TARGET = 17.2;
				LOCALIZATION_PREFERS_STRING_CATALOGS = YES;
				MTL_ENABLE_DEBUG_INFO = NO;
				MTL_FAST_MATH = YES;
				SDKROOT = iphoneos;
				SWIFT_COMPILATION_MODE = wholemodule;
				VALIDATE_PRODUCT = YES;
			};
			name = Release;
		};
		6AB8086F2B89C00A008CE9D8 /* Debug */ = {
			isa = XCBuildConfiguration;
			buildSettings = {
				ASSETCATALOG_COMPILER_APPICON_NAME = AppIcon;
				ASSETCATALOG_COMPILER_GLOBAL_ACCENT_COLOR_NAME = AccentColor;
				CODE_SIGN_ENTITLEMENTS = final/final.entitlements;
				CODE_SIGN_STYLE = Automatic;
				CURRENT_PROJECT_VERSION = 1;
				DEVELOPMENT_ASSET_PATHS = "\"final/Preview Content\"";
				DEVELOPMENT_TEAM = QQZ249YC9K;
				ENABLE_PREVIEWS = YES;
				GENERATE_INFOPLIST_FILE = YES;
				INFOPLIST_FILE = final/Info.plist;
				INFOPLIST_KEY_CFBundleDisplayName = "Music Slider";
				INFOPLIST_KEY_NSAppleMusicUsageDescription = "We want to use your apple music data";
				INFOPLIST_KEY_UIApplicationSceneManifest_Generation = YES;
				INFOPLIST_KEY_UIApplicationSupportsIndirectInputEvents = YES;
				INFOPLIST_KEY_UILaunchScreen_Generation = YES;
				INFOPLIST_KEY_UISupportedInterfaceOrientations_iPad = "UIInterfaceOrientationPortrait UIInterfaceOrientationPortraitUpsideDown UIInterfaceOrientationLandscapeLeft UIInterfaceOrientationLandscapeRight";
				INFOPLIST_KEY_UISupportedInterfaceOrientations_iPhone = "UIInterfaceOrientationPortrait UIInterfaceOrientationLandscapeLeft UIInterfaceOrientationLandscapeRight";
				LD_RUNPATH_SEARCH_PATHS = (
					"$(inherited)",
					"@executable_path/Frameworks",
				);
				MARKETING_VERSION = 1.0;
				PRODUCT_BUNDLE_IDENTIFIER = example.ZhenxunZhang.final;
				PRODUCT_NAME = "$(TARGET_NAME)";
				SWIFT_EMIT_LOC_STRINGS = YES;
				SWIFT_VERSION = 5.0;
				TARGETED_DEVICE_FAMILY = "1,2";
			};
			name = Debug;
		};
		6AB808702B89C00A008CE9D8 /* Release */ = {
			isa = XCBuildConfiguration;
			buildSettings = {
				ASSETCATALOG_COMPILER_APPICON_NAME = AppIcon;
				ASSETCATALOG_COMPILER_GLOBAL_ACCENT_COLOR_NAME = AccentColor;
				CODE_SIGN_ENTITLEMENTS = final/final.entitlements;
				CODE_SIGN_STYLE = Automatic;
				CURRENT_PROJECT_VERSION = 1;
				DEVELOPMENT_ASSET_PATHS = "\"final/Preview Content\"";
				DEVELOPMENT_TEAM = QQZ249YC9K;
				ENABLE_PREVIEWS = YES;
				GENERATE_INFOPLIST_FILE = YES;
				INFOPLIST_FILE = final/Info.plist;
				INFOPLIST_KEY_CFBundleDisplayName = "Music Slider";
				INFOPLIST_KEY_NSAppleMusicUsageDescription = "We want to use your apple music data";
				INFOPLIST_KEY_UIApplicationSceneManifest_Generation = YES;
				INFOPLIST_KEY_UIApplicationSupportsIndirectInputEvents = YES;
				INFOPLIST_KEY_UILaunchScreen_Generation = YES;
				INFOPLIST_KEY_UISupportedInterfaceOrientations_iPad = "UIInterfaceOrientationPortrait UIInterfaceOrientationPortraitUpsideDown UIInterfaceOrientationLandscapeLeft UIInterfaceOrientationLandscapeRight";
				INFOPLIST_KEY_UISupportedInterfaceOrientations_iPhone = "UIInterfaceOrientationPortrait UIInterfaceOrientationLandscapeLeft UIInterfaceOrientationLandscapeRight";
				LD_RUNPATH_SEARCH_PATHS = (
					"$(inherited)",
					"@executable_path/Frameworks",
				);
				MARKETING_VERSION = 1.0;
				PRODUCT_BUNDLE_IDENTIFIER = example.ZhenxunZhang.final;
				PRODUCT_NAME = "$(TARGET_NAME)";
				SWIFT_EMIT_LOC_STRINGS = YES;
				SWIFT_VERSION = 5.0;
				TARGETED_DEVICE_FAMILY = "1,2";
			};
			name = Release;
		};
		6AB808722B89C00A008CE9D8 /* Debug */ = {
			isa = XCBuildConfiguration;
			buildSettings = {
				ALWAYS_EMBED_SWIFT_STANDARD_LIBRARIES = YES;
				BUNDLE_LOADER = "$(TEST_HOST)";
				CODE_SIGN_STYLE = Automatic;
				CURRENT_PROJECT_VERSION = 1;
				DEVELOPMENT_TEAM = QQZ249YC9K;
				GENERATE_INFOPLIST_FILE = YES;
				IPHONEOS_DEPLOYMENT_TARGET = 17.2;
				MARKETING_VERSION = 1.0;
				PRODUCT_BUNDLE_IDENTIFIER = example.ZhenxunZhang.finalTests;
				PRODUCT_NAME = "$(TARGET_NAME)";
				SWIFT_EMIT_LOC_STRINGS = NO;
				SWIFT_VERSION = 5.0;
				TARGETED_DEVICE_FAMILY = "1,2";
				TEST_HOST = "$(BUILT_PRODUCTS_DIR)/final.app/$(BUNDLE_EXECUTABLE_FOLDER_PATH)/final";
			};
			name = Debug;
		};
		6AB808732B89C00A008CE9D8 /* Release */ = {
			isa = XCBuildConfiguration;
			buildSettings = {
				ALWAYS_EMBED_SWIFT_STANDARD_LIBRARIES = YES;
				BUNDLE_LOADER = "$(TEST_HOST)";
				CODE_SIGN_STYLE = Automatic;
				CURRENT_PROJECT_VERSION = 1;
				DEVELOPMENT_TEAM = QQZ249YC9K;
				GENERATE_INFOPLIST_FILE = YES;
				IPHONEOS_DEPLOYMENT_TARGET = 17.2;
				MARKETING_VERSION = 1.0;
				PRODUCT_BUNDLE_IDENTIFIER = example.ZhenxunZhang.finalTests;
				PRODUCT_NAME = "$(TARGET_NAME)";
				SWIFT_EMIT_LOC_STRINGS = NO;
				SWIFT_VERSION = 5.0;
				TARGETED_DEVICE_FAMILY = "1,2";
				TEST_HOST = "$(BUILT_PRODUCTS_DIR)/final.app/$(BUNDLE_EXECUTABLE_FOLDER_PATH)/final";
			};
			name = Release;
		};
		6AB808752B89C00A008CE9D8 /* Debug */ = {
			isa = XCBuildConfiguration;
			buildSettings = {
				ALWAYS_EMBED_SWIFT_STANDARD_LIBRARIES = YES;
				CODE_SIGN_STYLE = Automatic;
				CURRENT_PROJECT_VERSION = 1;
				DEVELOPMENT_TEAM = QQZ249YC9K;
				GENERATE_INFOPLIST_FILE = YES;
				MARKETING_VERSION = 1.0;
				PRODUCT_BUNDLE_IDENTIFIER = example.ZhenxunZhang.finalUITests;
				PRODUCT_NAME = "$(TARGET_NAME)";
				SWIFT_EMIT_LOC_STRINGS = NO;
				SWIFT_VERSION = 5.0;
				TARGETED_DEVICE_FAMILY = "1,2";
				TEST_TARGET_NAME = final;
			};
			name = Debug;
		};
		6AB808762B89C00A008CE9D8 /* Release */ = {
			isa = XCBuildConfiguration;
			buildSettings = {
				ALWAYS_EMBED_SWIFT_STANDARD_LIBRARIES = YES;
				CODE_SIGN_STYLE = Automatic;
				CURRENT_PROJECT_VERSION = 1;
				DEVELOPMENT_TEAM = QQZ249YC9K;
				GENERATE_INFOPLIST_FILE = YES;
				MARKETING_VERSION = 1.0;
				PRODUCT_BUNDLE_IDENTIFIER = example.ZhenxunZhang.finalUITests;
				PRODUCT_NAME = "$(TARGET_NAME)";
				SWIFT_EMIT_LOC_STRINGS = NO;
				SWIFT_VERSION = 5.0;
				TARGETED_DEVICE_FAMILY = "1,2";
				TEST_TARGET_NAME = final;
			};
			name = Release;
		};
/* End XCBuildConfiguration section */

/* Begin XCConfigurationList section */
		6AB808452B89C009008CE9D8 /* Build configuration list for PBXProject "final" */ = {
			isa = XCConfigurationList;
			buildConfigurations = (
				6AB8086C2B89C00A008CE9D8 /* Debug */,
				6AB8086D2B89C00A008CE9D8 /* Release */,
			);
			defaultConfigurationIsVisible = 0;
			defaultConfigurationName = Release;
		};
		6AB8086E2B89C00A008CE9D8 /* Build configuration list for PBXNativeTarget "final" */ = {
			isa = XCConfigurationList;
			buildConfigurations = (
				6AB8086F2B89C00A008CE9D8 /* Debug */,
				6AB808702B89C00A008CE9D8 /* Release */,
			);
			defaultConfigurationIsVisible = 0;
			defaultConfigurationName = Release;
		};
		6AB808712B89C00A008CE9D8 /* Build configuration list for PBXNativeTarget "finalTests" */ = {
			isa = XCConfigurationList;
			buildConfigurations = (
				6AB808722B89C00A008CE9D8 /* Debug */,
				6AB808732B89C00A008CE9D8 /* Release */,
			);
			defaultConfigurationIsVisible = 0;
			defaultConfigurationName = Release;
		};
		6AB808742B89C00A008CE9D8 /* Build configuration list for PBXNativeTarget "finalUITests" */ = {
			isa = XCConfigurationList;
			buildConfigurations = (
				6AB808752B89C00A008CE9D8 /* Debug */,
				6AB808762B89C00A008CE9D8 /* Release */,
			);
			defaultConfigurationIsVisible = 0;
			defaultConfigurationName = Release;
		};
/* End XCConfigurationList section */
	};
	rootObject = 6AB808422B89C009008CE9D8 /* Project object */;
}
